<?xml version="1.0" encoding="utf-8"?>
<Project ToolsVersion="4.0" xmlns="http://schemas.microsoft.com/developer/msbuild/2003">
  <ItemGroup>
    <ClCompile Include="user\main.cpp">
      <Filter>gtfohax</Filter>
    </ClCompile>
    <ClCompile Include="framework\dllmain.cpp">
      <Filter>framework</Filter>
    </ClCompile>
    <ClCompile Include="framework\helpers.cpp">
      <Filter>framework</Filter>
    </ClCompile>
    <ClCompile Include="framework\il2cpp-init.cpp">
      <Filter>framework</Filter>
    </ClCompile>
    <ClCompile Include="framework\pch-il2cpp.cpp">
      <Filter>framework</Filter>
    </ClCompile>
    <ClCompile Include="..\imgui\imgui.cpp">
      <Filter>imgui</Filter>
    </ClCompile>
    <ClCompile Include="..\imgui\imgui_demo.cpp">
      <Filter>imgui</Filter>
    </ClCompile>
    <ClCompile Include="..\imgui\imgui_draw.cpp">
      <Filter>imgui</Filter>
    </ClCompile>
    <ClCompile Include="..\imgui\imgui_tables.cpp">
      <Filter>imgui</Filter>
    </ClCompile>
    <ClCompile Include="..\imgui\imgui_widgets.cpp">
      <Filter>imgui</Filter>
    </ClCompile>
    <ClCompile Include="..\kiero\kiero.cpp">
      <Filter>kiero</Filter>
    </ClCompile>
    <ClCompile Include="..\kiero\minhook\src\buffer.c">
      <Filter>kiero\minhook</Filter>
    </ClCompile>
    <ClCompile Include="..\kiero\minhook\src\hde\hde32.c">
      <Filter>kiero\minhook</Filter>
    </ClCompile>
    <ClCompile Include="..\kiero\minhook\src\hde\hde64.c">
      <Filter>kiero\minhook</Filter>
    </ClCompile>
    <ClCompile Include="..\kiero\minhook\src\hook.c">
      <Filter>kiero\minhook</Filter>
    </ClCompile>
    <ClCompile Include="..\kiero\minhook\src\trampoline.c">
      <Filter>kiero\minhook</Filter>
    </ClCompile>
    <ClCompile Include="..\imgui\backends\imgui_impl_dx11.cpp">
      <Filter>imgui</Filter>
    </ClCompile>
    <ClCompile Include="..\imgui\backends\imgui_impl_win32.cpp">
      <Filter>imgui</Filter>
    </ClCompile>
    <ClCompile Include="menu.cpp">
      <Filter>gtfohax</Filter>
    </ClCompile>
    <ClCompile Include="globals.cpp">
      <Filter>gtfohax</Filter>
    </ClCompile>
    <ClCompile Include="ui.cpp">
      <Filter>gtfohax</Filter>
    </ClCompile>
    <ClCompile Include="InputUtil.cpp">
      <Filter>gtfohax</Filter>
    </ClCompile>
    <ClCompile Include="hacks\player.cpp">
      <Filter>gtfohax\hacks</Filter>
    </ClCompile>
    <ClCompile Include="hooks.cpp">
      <Filter>gtfohax</Filter>
    </ClCompile>
    <ClCompile Include="hacks\esp.cpp">
      <Filter>gtfohax\hacks</Filter>
    </ClCompile>
    <ClCompile Include="config\config.cpp">
      <Filter>gtfohax\config</Filter>
    </ClCompile>
    <ClCompile Include="fonts\fonts.cpp">
      <Filter>gtfohax\fonts</Filter>
    </ClCompile>
    <ClCompile Include="..\imgui\misc\freetype\imgui_freetype.cpp">
      <Filter>imgui</Filter>
    </ClCompile>
    <ClCompile Include="hacks\enemy.cpp">
      <Filter>gtfohax\hacks</Filter>
    </ClCompile>
    <ClCompile Include="math.cpp">
      <Filter>gtfohax</Filter>
    </ClCompile>
    <ClCompile Include="hacks\aimbot.cpp">
      <Filter>gtfohax\hacks</Filter>
    </ClCompile>
  </ItemGroup>
  <ItemGroup>
    <ClInclude Include="user\main.h">
      <Filter>gtfohax</Filter>
    </ClInclude>
    <ClInclude Include="appdata\il2cpp-api-functions.h">
      <Filter>appdata</Filter>
    </ClInclude>
    <ClInclude Include="appdata\il2cpp-api-functions-ptr.h">
      <Filter>appdata</Filter>
    </ClInclude>
    <ClInclude Include="appdata\il2cpp-functions.h">
      <Filter>appdata</Filter>
    </ClInclude>
    <ClInclude Include="appdata\il2cpp-metadata-version.h">
      <Filter>appdata</Filter>
    </ClInclude>
    <ClInclude Include="appdata\il2cpp-types.h">
      <Filter>appdata</Filter>
    </ClInclude>
    <ClInclude Include="appdata\il2cpp-types-ptr.h">
      <Filter>appdata</Filter>
    </ClInclude>
    <ClInclude Include="framework\helpers.h">
      <Filter>framework</Filter>
    </ClInclude>
    <ClInclude Include="framework\il2cpp-appdata.h">
      <Filter>framework</Filter>
    </ClInclude>
    <ClInclude Include="framework\il2cpp-init.h">
      <Filter>framework</Filter>
    </ClInclude>
    <ClInclude Include="framework\pch-il2cpp.h">
      <Filter>framework</Filter>
    </ClInclude>
    <ClInclude Include="globals.h">
      <Filter>gtfohax</Filter>
    </ClInclude>
    <ClInclude Include="..\imgui\imconfig.h">
      <Filter>imgui</Filter>
    </ClInclude>
    <ClInclude Include="..\imgui\imgui.h">
      <Filter>imgui</Filter>
    </ClInclude>
    <ClInclude Include="..\imgui\imgui_internal.h">
      <Filter>imgui</Filter>
    </ClInclude>
    <ClInclude Include="..\imgui\imstb_rectpack.h">
      <Filter>imgui</Filter>
    </ClInclude>
    <ClInclude Include="..\imgui\imstb_textedit.h">
      <Filter>imgui</Filter>
    </ClInclude>
    <ClInclude Include="..\imgui\imstb_truetype.h">
      <Filter>imgui</Filter>
    </ClInclude>
    <ClInclude Include="..\kiero\kiero.h">
      <Filter>kiero</Filter>
    </ClInclude>
    <ClInclude Include="..\kiero\minhook\src\buffer.h">
      <Filter>kiero\minhook</Filter>
    </ClInclude>
    <ClInclude Include="..\kiero\minhook\include\MinHook.h">
      <Filter>kiero\minhook</Filter>
    </ClInclude>
    <ClInclude Include="..\kiero\minhook\src\trampoline.h">
      <Filter>kiero\minhook</Filter>
    </ClInclude>
    <ClInclude Include="..\kiero\minhook\src\hde\hde32.h">
      <Filter>kiero\minhook</Filter>
    </ClInclude>
    <ClInclude Include="..\kiero\minhook\src\hde\hde64.h">
      <Filter>kiero\minhook</Filter>
    </ClInclude>
    <ClInclude Include="..\kiero\minhook\src\hde\pstdint.h">
      <Filter>kiero\minhook</Filter>
    </ClInclude>
    <ClInclude Include="..\kiero\minhook\src\hde\table32.h">
      <Filter>kiero\minhook</Filter>
    </ClInclude>
    <ClInclude Include="..\kiero\minhook\src\hde\table64.h">
      <Filter>kiero\minhook</Filter>
    </ClInclude>
    <ClInclude Include="..\imgui\backends\imgui_impl_dx11.h">
      <Filter>imgui</Filter>
    </ClInclude>
    <ClInclude Include="..\imgui\backends\imgui_impl_win32.h">
      <Filter>imgui</Filter>
    </ClInclude>
    <ClInclude Include="menu.h">
      <Filter>gtfohax</Filter>
    </ClInclude>
    <ClInclude Include="ui.h">
      <Filter>gtfohax</Filter>
    </ClInclude>
    <ClInclude Include="InputUtil.h">
      <Filter>gtfohax</Filter>
    </ClInclude>
    <ClInclude Include="hacks\player.h">
      <Filter>gtfohax\hacks</Filter>
    </ClInclude>
    <ClInclude Include="hooks.h">
      <Filter>gtfohax</Filter>
    </ClInclude>
    <ClInclude Include="hacks\esp.h">
      <Filter>gtfohax\hacks</Filter>
    </ClInclude>
    <ClInclude Include="config\config.h">
      <Filter>gtfohax\config</Filter>
    </ClInclude>
    <ClInclude Include="fonts\fonts.h">
      <Filter>gtfohax\fonts</Filter>
    </ClInclude>
    <ClInclude Include="..\imgui\misc\freetype\imgui_freetype.h">
      <Filter>imgui</Filter>
    </ClInclude>
    <ClInclude Include="hacks\enemy.h">
      <Filter>gtfohax\hacks</Filter>
    </ClInclude>
    <ClInclude Include="math.h">
      <Filter>gtfohax</Filter>
    </ClInclude>
    <ClInclude Include="hacks\aimbot.h">
      <Filter>gtfohax\hacks</Filter>
    </ClInclude>
  </ItemGroup>
  <ItemGroup>
    <Filter Include="appdata">
      <UniqueIdentifier>{10ed672c-75af-4d1b-a929-f4125f0b8e03}</UniqueIdentifier>
    </Filter>
    <Filter Include="framework">
      <UniqueIdentifier>{422a2ff2-b937-4497-a91f-6f4e2eaa6a19}</UniqueIdentifier>
    </Filter>
    <Filter Include="imgui">
      <UniqueIdentifier>{1d144d8e-f7b3-429b-9baf-80f7f137cd23}</UniqueIdentifier>
    </Filter>
    <Filter Include="kiero">
      <UniqueIdentifier>{c471211a-1ca0-4b07-b191-ee9c12c5a2bc}</UniqueIdentifier>
    </Filter>
    <Filter Include="kiero\minhook">
      <UniqueIdentifier>{20249bf6-9a13-4d26-8332-960d0f95ebf4}</UniqueIdentifier>
    </Filter>
    <Filter Include="gtfohax">
      <UniqueIdentifier>{646b963a-9db1-4a26-9ceb-b7a84f9d0cd5}</UniqueIdentifier>
    </Filter>
    <Filter Include="gtfohax\hacks">
      <UniqueIdentifier>{b4473d35-d3bf-4d8a-b640-89786ba85962}</UniqueIdentifier>
    </Filter>
    <Filter Include="gtfohax\config">
      <UniqueIdentifier>{e4fd9e8b-36ea-4526-abd5-6d1dae9fec42}</UniqueIdentifier>
    </Filter>
    <Filter Include="gtfohax\fonts">
      <UniqueIdentifier>{b671e1d1-d594-4fce-a9d9-3f599e7111ef}</UniqueIdentifier>
    </Filter>
  </ItemGroup>
  <ItemGroup>
    <None Include="..\vcpkg.json" />
    <None Include="..\.gitignore" />
    <None Include="..\README.md" />
  </ItemGroup>
</Project>